
Microsoft Visual Studio Solution File, Format Version 12.00
# Visual Studio Version 16
VisualStudioVersion = 16.0.32228.343
MinimumVisualStudioVersion = 10.0.40219.1
Project("{2150E333-8FDC-42A3-9474-1A3956D46DE8}") = "Sample", "Sample", "{C5F7AC92-9EBA-44B5-8396-0942F63A0F35}"
EndProject
Project("{FAE04EC0-301F-11D3-BF4B-00C04F79EFBC}") = "ConsoleApp0411", "Sample\ConsoleApp0411\ConsoleApp0411.csproj", "{073FE4EF-58E9-46D7-ACDD-E3A276C9DEA4}"
EndProject
Project("{FAE04EC0-301F-11D3-BF4B-00C04F79EFBC}") = "WindowsFormsApp1", "Sample\WindowsFormsApp1\WindowsFormsApp1.csproj", "{9524A6B4-EE8A-4DA4-B106-B1DC283213FE}"
EndProject
Project("{FAE04EC0-301F-11D3-BF4B-00C04F79EFBC}") = "BallApp", "Sample\BallApp\BallApp.csproj", "{1181470D-4AF6-44B7-9434-64718D54DBAE}"
EndProject
Project("{2150E333-8FDC-42A3-9474-1A3956D46DE8}") = "Chapter01", "Chapter01", "{3802C5C2-51EE-44CF-86A3-C504DAEE742C}"
EndProject
Project("{FAE04EC0-301F-11D3-BF4B-00C04F79EFBC}") = "ProductSample", "Chapter01\Product\ProductSample.csproj", "{C55D0606-82DF-4FC1-A2B8-184EE7BA4670}"
EndProject
Project("{2150E333-8FDC-42A3-9474-1A3956D46DE8}") = "Chapter02", "Chapter02", "{49C1EDB5-A399-4CE3-BCC4-B50601105432}"
EndProject
Project("{2150E333-8FDC-42A3-9474-1A3956D46DE8}") = "距離換算プログラム", "距離換算プログラム", "{A0659543-76EE-443B-9A27-A53B93894C8D}"
EndProject
Project("{FAE04EC0-301F-11D3-BF4B-00C04F79EFBC}") = "DistanceConverter", "Chapter02\距離換算プログラム\DistanceConverter\DistanceConverter.csproj", "{8C8F9348-D25F-4608-8372-1DE839050428}"
EndProject
Project("{FAE04EC0-301F-11D3-BF4B-00C04F79EFBC}") = "SalesCalculator", "Chapter02\売上集計プログラム\SalesCalculator\SalesCalculator.csproj", "{5D77B477-C35C-4DDF-AB71-0FF09ACF7A59}"
EndProject
Project("{2150E333-8FDC-42A3-9474-1A3956D46DE8}") = "売上集計プログラム", "売上集計プログラム", "{F7300416-07B4-4698-B4F4-4DA7FE006953}"
EndProject
Project("{2150E333-8FDC-42A3-9474-1A3956D46DE8}") = "演習問題", "演習問題", "{F88F6D17-B7AB-4297-A0C2-A7AEE991E3BA}"
EndProject
Project("{FAE04EC0-301F-11D3-BF4B-00C04F79EFBC}") = "Exercise01", "Chapter02\演習問題\Exercise01\Exercise01.csproj", "{5A1F5C4F-0FFE-4A39-ADCE-25B67C32B497}"
EndProject
Project("{FAE04EC0-301F-11D3-BF4B-00C04F79EFBC}") = "Exercise03", "Chapter02\演習問題\Exercise03\Exercise03\Exercise03.csproj", "{E77F6424-BBBE-4C51-87B7-AE639132122D}"
EndProject
Project("{FAE04EC0-301F-11D3-BF4B-00C04F79EFBC}") = "Exercise02", "Chapter02\演習問題\Exercise02\Exercise02\Exercise02.csproj", "{73E909AB-70F5-4185-B45A-C8BA548C5401}"
EndProject
Project("{2150E333-8FDC-42A3-9474-1A3956D46DE8}") = "Chapter03", "Chapter03", "{E7C5B7B3-B9F0-4DA2-8822-E5EF6BF353B4}"
EndProject
Project("{FAE04EC0-301F-11D3-BF4B-00C04F79EFBC}") = "Section01", "Chapter03\Section01\Section01.csproj", "{A950D400-D179-43CF-86FC-D723ACA45015}"
EndProject
Project("{FAE04EC0-301F-11D3-BF4B-00C04F79EFBC}") = "Section03", "Chapter03\Section03\Section03.csproj", "{01F647C0-9C3F-465B-92D4-EF1F24BAD9D9}"
EndProject
Project("{FAE04EC0-301F-11D3-BF4B-00C04F79EFBC}") = "Section04", "Chapter03\Section04\Section04.csproj", "{005B6B83-DE8F-4396-BA6B-32F1497C892E}"
EndProject
Project("{2150E333-8FDC-42A3-9474-1A3956D46DE8}") = "演習問題", "演習問題", "{7C731867-C40D-4695-B4CE-B7BE8011150A}"
EndProject
Project("{FAE04EC0-301F-11D3-BF4B-00C04F79EFBC}") = "Exercise01", "Chapter03\演習問題\Exercise01\Exercise01.csproj", "{F1326030-E1FF-4A44-862D-1D099A8A4020}"
EndProject
Global
	GlobalSection(SolutionConfigurationPlatforms) = preSolution
		Debug|Any CPU = Debug|Any CPU
		Release|Any CPU = Release|Any CPU
	EndGlobalSection
	GlobalSection(ProjectConfigurationPlatforms) = postSolution
		{073FE4EF-58E9-46D7-ACDD-E3A276C9DEA4}.Debug|Any CPU.ActiveCfg = Debug|Any CPU
		{073FE4EF-58E9-46D7-ACDD-E3A276C9DEA4}.Debug|Any CPU.Build.0 = Debug|Any CPU
		{073FE4EF-58E9-46D7-ACDD-E3A276C9DEA4}.Release|Any CPU.ActiveCfg = Release|Any CPU
		{073FE4EF-58E9-46D7-ACDD-E3A276C9DEA4}.Release|Any CPU.Build.0 = Release|Any CPU
		{9524A6B4-EE8A-4DA4-B106-B1DC283213FE}.Debug|Any CPU.ActiveCfg = Debug|Any CPU
		{9524A6B4-EE8A-4DA4-B106-B1DC283213FE}.Debug|Any CPU.Build.0 = Debug|Any CPU
		{9524A6B4-EE8A-4DA4-B106-B1DC283213FE}.Release|Any CPU.ActiveCfg = Release|Any CPU
		{9524A6B4-EE8A-4DA4-B106-B1DC283213FE}.Release|Any CPU.Build.0 = Release|Any CPU
		{1181470D-4AF6-44B7-9434-64718D54DBAE}.Debug|Any CPU.ActiveCfg = Debug|Any CPU
		{1181470D-4AF6-44B7-9434-64718D54DBAE}.Debug|Any CPU.Build.0 = Debug|Any CPU
		{1181470D-4AF6-44B7-9434-64718D54DBAE}.Release|Any CPU.ActiveCfg = Release|Any CPU
		{1181470D-4AF6-44B7-9434-64718D54DBAE}.Release|Any CPU.Build.0 = Release|Any CPU
		{C55D0606-82DF-4FC1-A2B8-184EE7BA4670}.Debug|Any CPU.ActiveCfg = Debug|Any CPU
		{C55D0606-82DF-4FC1-A2B8-184EE7BA4670}.Debug|Any CPU.Build.0 = Debug|Any CPU
		{C55D0606-82DF-4FC1-A2B8-184EE7BA4670}.Release|Any CPU.ActiveCfg = Release|Any CPU
		{C55D0606-82DF-4FC1-A2B8-184EE7BA4670}.Release|Any CPU.Build.0 = Release|Any CPU
		{8C8F9348-D25F-4608-8372-1DE839050428}.Debug|Any CPU.ActiveCfg = Debug|Any CPU
		{8C8F9348-D25F-4608-8372-1DE839050428}.Debug|Any CPU.Build.0 = Debug|Any CPU
		{8C8F9348-D25F-4608-8372-1DE839050428}.Release|Any CPU.ActiveCfg = Release|Any CPU
		{8C8F9348-D25F-4608-8372-1DE839050428}.Release|Any CPU.Build.0 = Release|Any CPU
		{5D77B477-C35C-4DDF-AB71-0FF09ACF7A59}.Debug|Any CPU.ActiveCfg = Debug|Any CPU
		{5D77B477-C35C-4DDF-AB71-0FF09ACF7A59}.Debug|Any CPU.Build.0 = Debug|Any CPU
		{5D77B477-C35C-4DDF-AB71-0FF09ACF7A59}.Release|Any CPU.ActiveCfg = Release|Any CPU
		{5D77B477-C35C-4DDF-AB71-0FF09ACF7A59}.Release|Any CPU.Build.0 = Release|Any CPU
		{5A1F5C4F-0FFE-4A39-ADCE-25B67C32B497}.Debug|Any CPU.ActiveCfg = Debug|Any CPU
		{5A1F5C4F-0FFE-4A39-ADCE-25B67C32B497}.Debug|Any CPU.Build.0 = Debug|Any CPU
		{5A1F5C4F-0FFE-4A39-ADCE-25B67C32B497}.Release|Any CPU.ActiveCfg = Release|Any CPU
		{5A1F5C4F-0FFE-4A39-ADCE-25B67C32B497}.Release|Any CPU.Build.0 = Release|Any CPU
		{E77F6424-BBBE-4C51-87B7-AE639132122D}.Debug|Any CPU.ActiveCfg = Debug|Any CPU
		{E77F6424-BBBE-4C51-87B7-AE639132122D}.Debug|Any CPU.Build.0 = Debug|Any CPU
		{E77F6424-BBBE-4C51-87B7-AE639132122D}.Release|Any CPU.ActiveCfg = Release|Any CPU
		{E77F6424-BBBE-4C51-87B7-AE639132122D}.Release|Any CPU.Build.0 = Release|Any CPU
		{73E909AB-70F5-4185-B45A-C8BA548C5401}.Debug|Any CPU.ActiveCfg = Debug|Any CPU
		{73E909AB-70F5-4185-B45A-C8BA548C5401}.Debug|Any CPU.Build.0 = Debug|Any CPU
		{73E909AB-70F5-4185-B45A-C8BA548C5401}.Release|Any CPU.ActiveCfg = Release|Any CPU
		{73E909AB-70F5-4185-B45A-C8BA548C5401}.Release|Any CPU.Build.0 = Release|Any CPU
		{A950D400-D179-43CF-86FC-D723ACA45015}.Debug|Any CPU.ActiveCfg = Debug|Any CPU
		{A950D400-D179-43CF-86FC-D723ACA45015}.Debug|Any CPU.Build.0 = Debug|Any CPU
		{A950D400-D179-43CF-86FC-D723ACA45015}.Release|Any CPU.ActiveCfg = Release|Any CPU
		{A950D400-D179-43CF-86FC-D723ACA45015}.Release|Any CPU.Build.0 = Release|Any CPU
		{01F647C0-9C3F-465B-92D4-EF1F24BAD9D9}.Debug|Any CPU.ActiveCfg = Debug|Any CPU
		{01F647C0-9C3F-465B-92D4-EF1F24BAD9D9}.Debug|Any CPU.Build.0 = Debug|Any CPU
		{01F647C0-9C3F-465B-92D4-EF1F24BAD9D9}.Release|Any CPU.ActiveCfg = Release|Any CPU
		{01F647C0-9C3F-465B-92D4-EF1F24BAD9D9}.Release|Any CPU.Build.0 = Release|Any CPU
		{005B6B83-DE8F-4396-BA6B-32F1497C892E}.Debug|Any CPU.ActiveCfg = Debug|Any CPU
		{005B6B83-DE8F-4396-BA6B-32F1497C892E}.Debug|Any CPU.Build.0 = Debug|Any CPU
		{005B6B83-DE8F-4396-BA6B-32F1497C892E}.Release|Any CPU.ActiveCfg = Release|Any CPU
		{005B6B83-DE8F-4396-BA6B-32F1497C892E}.Release|Any CPU.Build.0 = Release|Any CPU
		{F1326030-E1FF-4A44-862D-1D099A8A4020}.Debug|Any CPU.ActiveCfg = Debug|Any CPU
		{F1326030-E1FF-4A44-862D-1D099A8A4020}.Debug|Any CPU.Build.0 = Debug|Any CPU
		{F1326030-E1FF-4A44-862D-1D099A8A4020}.Release|Any CPU.ActiveCfg = Release|Any CPU
		{F1326030-E1FF-4A44-862D-1D099A8A4020}.Release|Any CPU.Build.0 = Release|Any CPU
	EndGlobalSection
	GlobalSection(SolutionProperties) = preSolution
		HideSolutionNode = FALSE
	EndGlobalSection
	GlobalSection(NestedProjects) = preSolution
		{073FE4EF-58E9-46D7-ACDD-E3A276C9DEA4} = {C5F7AC92-9EBA-44B5-8396-0942F63A0F35}
		{9524A6B4-EE8A-4DA4-B106-B1DC283213FE} = {C5F7AC92-9EBA-44B5-8396-0942F63A0F35}
		{1181470D-4AF6-44B7-9434-64718D54DBAE} = {C5F7AC92-9EBA-44B5-8396-0942F63A0F35}
		{C55D0606-82DF-4FC1-A2B8-184EE7BA4670} = {3802C5C2-51EE-44CF-86A3-C504DAEE742C}
		{A0659543-76EE-443B-9A27-A53B93894C8D} = {49C1EDB5-A399-4CE3-BCC4-B50601105432}
		{8C8F9348-D25F-4608-8372-1DE839050428} = {A0659543-76EE-443B-9A27-A53B93894C8D}
		{5D77B477-C35C-4DDF-AB71-0FF09ACF7A59} = {F7300416-07B4-4698-B4F4-4DA7FE006953}
		{F7300416-07B4-4698-B4F4-4DA7FE006953} = {49C1EDB5-A399-4CE3-BCC4-B50601105432}
		{F88F6D17-B7AB-4297-A0C2-A7AEE991E3BA} = {49C1EDB5-A399-4CE3-BCC4-B50601105432}
		{5A1F5C4F-0FFE-4A39-ADCE-25B67C32B497} = {F88F6D17-B7AB-4297-A0C2-A7AEE991E3BA}
		{E77F6424-BBBE-4C51-87B7-AE639132122D} = {F88F6D17-B7AB-4297-A0C2-A7AEE991E3BA}
		{73E909AB-70F5-4185-B45A-C8BA548C5401} = {F88F6D17-B7AB-4297-A0C2-A7AEE991E3BA}
		{A950D400-D179-43CF-86FC-D723ACA45015} = {E7C5B7B3-B9F0-4DA2-8822-E5EF6BF353B4}
		{01F647C0-9C3F-465B-92D4-EF1F24BAD9D9} = {E7C5B7B3-B9F0-4DA2-8822-E5EF6BF353B4}
		{005B6B83-DE8F-4396-BA6B-32F1497C892E} = {E7C5B7B3-B9F0-4DA2-8822-E5EF6BF353B4}
		{7C731867-C40D-4695-B4CE-B7BE8011150A} = {E7C5B7B3-B9F0-4DA2-8822-E5EF6BF353B4}
		{F1326030-E1FF-4A44-862D-1D099A8A4020} = {7C731867-C40D-4695-B4CE-B7BE8011150A}
	EndGlobalSection
	GlobalSection(ExtensibilityGlobals) = postSolution
		SolutionGuid = {7FE864A5-13CE-4048-AA1F-B01C8BC3D2CA}
	EndGlobalSection
EndGlobal
